// !$*UTF8*$!
{
	archiveVersion = 1;
	classes = {
	};
	objectVersion = 46;
	objects = {

/* Begin PBXBuildFile section */
		89EF07D11C6C3D4900F7FCBE /* AppDelegate.swift in Sources */ = {isa = PBXBuildFile; fileRef = 89EF07D01C6C3D4900F7FCBE /* AppDelegate.swift */; };
		89EF07D31C6C3D4900F7FCBE /* ViewController.swift in Sources */ = {isa = PBXBuildFile; fileRef = 89EF07D21C6C3D4900F7FCBE /* ViewController.swift */; };
		89EF07D61C6C3D4900F7FCBE /* Main.storyboard in Resources */ = {isa = PBXBuildFile; fileRef = 89EF07D41C6C3D4900F7FCBE /* Main.storyboard */; };
		89EF07D81C6C3D4900F7FCBE /* Assets.xcassets in Resources */ = {isa = PBXBuildFile; fileRef = 89EF07D71C6C3D4900F7FCBE /* Assets.xcassets */; };
		89EF07DB1C6C3D4900F7FCBE /* LaunchScreen.storyboard in Resources */ = {isa = PBXBuildFile; fileRef = 89EF07D91C6C3D4900F7FCBE /* LaunchScreen.storyboard */; };
/* End PBXBuildFile section */

/* Begin PBXFileReference section */
		89EF07CD1C6C3D4900F7FCBE /* HolaiPad.app */ = {isa = PBXFileReference; explicitFileType = wrapper.application; includeInIndex = 0; path = HolaiPad.app; sourceTree = BUILT_PRODUCTS_DIR; };
		89EF07D01C6C3D4900F7FCBE /* AppDelegate.swift */ = {isa = PBXFileReference; lastKnownFileType = sourcecode.swift; path = AppDelegate.swift; sourceTree = "<group>"; };
		89EF07D21C6C3D4900F7FCBE /* ViewController.swift */ = {isa = PBXFileReference; lastKnownFileType = sourcecode.swift; path = ViewController.swift; sourceTree = "<group>"; };
		89EF07D51C6C3D4900F7FCBE /* Base */ = {isa = PBXFileReference; lastKnownFileType = file.storyboard; name = Base; path = Base.lproj/Main.storyboard; sourceTree = "<group>"; };
		89EF07D71C6C3D4900F7FCBE /* Assets.xcassets */ = {isa = PBXFileReference; lastKnownFileType = folder.assetcatalog; path = Assets.xcassets; sourceTree = "<group>"; };
		89EF07DA1C6C3D4900F7FCBE /* Base */ = {isa = PBXFileReference; lastKnownFileType = file.storyboard; name = Base; path = Base.lproj/LaunchScreen.storyboard; sourceTree = "<group>"; };
		89EF07DC1C6C3D4900F7FCBE /* Info.plist */ = {isa = PBXFileReference; lastKnownFileType = text.plist.xml; path = Info.plist; sourceTree = "<group>"; };
/* End PBXFileReference section */

/* Begin PBXFrameworksBuildPhase section */
		89EF07CA1C6C3D4900F7FCBE /* Frameworks */ = {
			isa = PBXFrameworksBuildPhase;
			buildActionMask = 2147483647;
			files = (
			);
			runOnlyForDeploymentPostprocessing = 0;
		};
/* End PBXFrameworksBuildPhase section */

/* Begin PBXGroup section */
		89EF07C41C6C3D4900F7FCBE = {
			isa = PBXGroup;
			children = (
				89EF07CF1C6C3D4900F7FCBE /* HolaiPad */,
				89EF07CE1C6C3D4900F7FCBE /* Products */,
			);
			sourceTree = "<group>";
		};
		89EF07CE1C6C3D4900F7FCBE /* Products */ = {
			isa = PBXGroup;
			children = (
				89EF07CD1C6C3D4900F7FCBE /* HolaiPad.app */,
			);
			name = Products;
			sourceTree = "<group>";
		};
		89EF07CF1C6C3D4900F7FCBE /* HolaiPad */ = {
			isa = PBXGroup;
			children = (
				89EF07D01C6C3D4900F7FCBE /* AppDelegate.swift */,
				89EF07D21C6C3D4900F7FCBE /* ViewController.swift */,
				89EF07D41C6C3D4900F7FCBE /* Main.storyboard */,
				89EF07D71C6C3D4900F7FCBE /* Assets.xcassets */,
				89EF07D91C6C3D4900F7FCBE /* LaunchScreen.storyboard */,
				89EF07DC1C6C3D4900F7FCBE /* Info.plist */,
			);
			path = HolaiPad;
			sourceTree = "<group>";
		};
/* End PBXGroup section */

/* Begin PBXNativeTarget section */
		89EF07CC1C6C3D4900F7FCBE /* HolaiPad */ = {
			isa = PBXNativeTarget;
			buildConfigurationList = 89EF07DF1C6C3D4900F7FCBE /* Build configuration list for PBXNativeTarget "HolaiPad" */;
			buildPhases = (
				89EF07C91C6C3D4900F7FCBE /* Sources */,
				89EF07CA1C6C3D4900F7FCBE /* Frameworks */,
				89EF07CB1C6C3D4900F7FCBE /* Resources */,
			);
			buildRules = (
			);
			dependencies = (
			);
			name = HolaiPad;
			productName = HolaiPad;
			productReference = 89EF07CD1C6C3D4900F7FCBE /* HolaiPad.app */;
			productType = "com.apple.product-type.application";
		};
/* End PBXNativeTarget section */

/* Begin PBXProject section */
		89EF07C51C6C3D4900F7FCBE /* Project object */ = {
			isa = PBXProject;
			attributes = {
				LastSwiftUpdateCheck = 0720;
				LastUpgradeCheck = 0720;
				ORGANIZATIONNAME = "Guido Ayala Andrade";
				TargetAttributes = {
					89EF07CC1C6C3D4900F7FCBE = {
						CreatedOnToolsVersion = 7.2.1;
					};
				};
			};
			buildConfigurationList = 89EF07C81C6C3D4900F7FCBE /* Build configuration list for PBXProject "HolaiPad" */;
			compatibilityVersion = "Xcode 3.2";
			developmentRegion = English;
			hasScannedForEncodings = 0;
			knownRegions = (
				en,
				Base,
			);
			mainGroup = 89EF07C41C6C3D4900F7FCBE;
			productRefGroup = 89EF07CE1C6C3D4900F7FCBE /* Products */;
			projectDirPath = "";
			projectRoot = "";
			targets = (
				89EF07CC1C6C3D4900F7FCBE /* HolaiPad */,
			);
		};
/* End PBXProject section */

/* Begin PBXResourcesBuildPhase section */
		89EF07CB1C6C3D4900F7FCBE /* Resources */ = {
			isa = PBXResourcesBuildPhase;
			buildActionMask = 2147483647;
			files = (
				89EF07DB1C6C3D4900F7FCBE /* LaunchScreen.storyboard in Resources */,
				89EF07D81C6C3D4900F7FCBE /* Assets.xcassets in Resources */,
				89EF07D61C6C3D4900F7FCBE /* Main.storyboard in Resources */,
			);
			runOnlyForDeploymentPostprocessing = 0;
		};
/* End PBXResourcesBuildPhase section */

/* Begin PBXSourcesBuildPhase section */
		89EF07C91C6C3D4900F7FCBE /* Sources */ = {
			isa = PBXSourcesBuildPhase;
			buildActionMask = 2147483647;
			files = (
				89EF07D31C6C3D4900F7FCBE /* ViewController.swift in Sources */,
				89EF07D11C6C3D4900F7FCBE /* AppDelegate.swift in Sources */,
			);
			runOnlyForDeploymentPostprocessing = 0;
		};
/* End PBXSourcesBuildPhase section */

/* Begin PBXVariantGroup section */
		89EF07D41C6C3D4900F7FCBE /* Main.storyboard */ = {
			isa = PBXVariantGroup;
			children = (
				89EF07D51C6C3D4900F7FCBE /* Base */,
			);
			name = Main.storyboard;
			sourceTree = "<group>";
		};
		89EF07D91C6C3D4900F7FCBE /* LaunchScreen.storyboard */ = {
			isa = PBXVariantGroup;
			children = (
				89EF07DA1C6C3D4900F7FCBE /* Base */,
			);
			name = LaunchScreen.storyboard;
			sourceTree = "<group>";
		};
/* End PBXVariantGroup section */

/* Begin XCBuildConfiguration section */
		89EF07DD1C6C3D4900F7FCBE /* Debug */ = {
			isa = XCBuildConfiguration;
			buildSettings = {
				ALWAYS_SEARCH_USER_PATHS = NO;
				CLANG_CXX_LANGUAGE_STANDARD = "gnu++0x";
				CLANG_CXX_LIBRARY = "libc++";
				CLANG_ENABLE_MODULES = YES;
				CLANG_ENABLE_OBJC_ARC = YES;
				CLANG_WARN_BOOL_CONVERSION = YES;
				CLANG_WARN_CONSTANT_CONVERSION = YES;
				CLANG_WARN_DIRECT_OBJC_ISA_USAGE = YES_ERROR;
				CLANG_WARN_EMPTY_BODY = YES;
				CLANG_WARN_ENUM_CONVERSION = YES;
				CLANG_WARN_INT_CONVERSION = YES;
				CLANG_WARN_OBJC_ROOT_CLASS = YES_ERROR;
				CLANG_WARN_UNREACHABLE_CODE = YES;
				CLANG_WARN__DUPLICATE_METHOD_MATCH = YES;
				"CODE_SIGN_IDENTITY[sdk=iphoneos*]" = "iPhone Developer";
				COPY_PHASE_STRIP = NO;
				DEBUG_INFORMATION_FORMAT = dwarf;
				ENABLE_STRICT_OBJC_MSGSEND = YES;
				ENABLE_TESTABILITY = YES;
				GCC_C_LANGUAGE_STANDARD = gnu99;
				GCC_DYNAMIC_NO_PIC = NO;
				GCC_NO_COMMON_BLOCKS = YES;
				GCC_OPTIMIZATION_LEVEL = 0;
				GCC_PREPROCESSOR_DEFINITIONS = (
					"DEBUG=1",
					"$(inherited)",
				);
				GCC_WARN_64_TO_32_BIT_CONVERSION = YES;
				GCC_WARN_ABOUT_RETURN_TYPE = YES_ERROR;
				GCC_WARN_UNDECLARED_SELECTOR = YES;
				GCC_WARN_UNINITIALIZED_AUTOS = YES_AGGRESSIVE;
				GCC_WARN_UNUSED_FUNCTION = YES;
				GCC_WARN_UNUSED_VARIABLE = YES;
				IPHONEOS_DEPLOYMENT_TARGET = 9.2;
				MTL_ENABLE_DEBUG_INFO = YES;
				ONLY_ACTIVE_ARCH = YES;
				SDKROOT = iphoneos;
				SWIFT_OPTIMIZATION_LEVEL = "-Onone";
				TARGETED_DEVICE_FAMILY = 2;
			};
			name = Debug;
		};
		89EF07DE1C6C3D4900F7FCBE /* Release */ = {
			isa = XCBuildConfiguration;
			buildSettings = {
				ALWAYS_SEARCH_USER_PATHS = NO;
				CLANG_CXX_LANGUAGE_STANDARD = "gnu++0x";
				CLANG_CXX_LIBRARY = "libc++";
				CLANG_ENABLE_MODULES = YES;
				CLANG_ENABLE_OBJC_ARC = YES;
				CLANG_WARN_BOOL_CONVERSION = YES;
				CLANG_WARN_CONSTANT_CONVERSION = YES;
				CLANG_WARN_DIRECT_OBJC_ISA_USAGE = YES_ERROR;
				CLANG_WARN_EMPTY_BODY = YES;
				CLANG_WARN_ENUM_CONVERSION = YES;
				CLANG_WARN_INT_CONVERSION = YES;
				CLANG_WARN_OBJC_ROOT_CLASS = YES_ERROR;
				CLANG_WARN_UNREACHABLE_CODE = YES;
				CLANG_WARN__DUPLICATE_METHOD_MATCH = YES;
				"CODE_SIGN_IDENTITY[sdk=iphoneos*]" = "iPhone Developer";
				COPY_PHASE_STRIP = NO;
				DEBUG_INFORMATION_FORMAT = "dwarf-with-dsym";
				ENABLE_NS_ASSERTIONS = NO;
				ENABLE_STRICT_OBJC_MSGSEND = YES;
				GCC_C_LANGUAGE_STANDARD = gnu99;
				GCC_NO_COMMON_BLOCKS = YES;
				GCC_WARN_64_TO_32_BIT_CONVERSION = YES;
				GCC_WARN_ABOUT_RETURN_TYPE = YES_ERROR;
				GCC_WARN_UNDECLARED_SELECTOR = YES;
				GCC_WARN_UNINITIALIZED_AUTOS = YES_AGGRESSIVE;
				GCC_WARN_UNUSED_FUNCTION = YES;
				GCC_WARN_UNUSED_VARIABLE = YES;
				IPHONEOS_DEPLOYMENT_TARGET = 9.2;
				MTL_ENABLE_DEBUG_INFO = NO;
				SDKROOT = iphoneos;
				TARGETED_DEVICE_FAMILY = 2;
				VALIDATE_PRODUCT = YES;
			};
			name = Release;
		};
		89EF07E01C6C3D4900F7FCBE /* Debug */ = {
			isa = XCBuildConfiguration;
			buildSettings = {
				ASSETCATALOG_COMPILER_APPICON_NAME = AppIcon;
				INFOPLIST_FILE = HolaiPad/Info.plist;
				LD_RUNPATH_SEARCH_PATHS = "$(inherited) @executable_path/Frameworks";
				PRODUCT_BUNDLE_IDENTIFIER = com.axzerosoftware.HolaiPad;
				PRODUCT_NAME = "$(TARGET_NAME)";
			};
			name = Debug;
		};
		89EF07E11C6C3D4900F7FCBE /* Release */ = {
			isa = XCBuildConfiguration;
			buildSettings = {
				ASSETCATALOG_COMPILER_APPICON_NAME = AppIcon;
				INFOPLIST_FILE = HolaiPad/Info.plist;
				LD_RUNPATH_SEARCH_PATHS = "$(inherited) @executable_path/Frameworks";
				PRODUCT_BUNDLE_IDENTIFIER = com.axzerosoftware.HolaiPad;
				PRODUCT_NAME = "$(TARGET_NAME)";
			};
			name = Release;
		};
/* End XCBuildConfiguration section */

/* Begin XCConfigurationList section */
		89EF07C81C6C3D4900F7FCBE /* Build configuration list for PBXProject "HolaiPad" */ = {
			isa = XCConfigurationList;
			buildConfigurations = (
				89EF07DD1C6C3D4900F7FCBE /* Debug */,
				89EF07DE1C6C3D4900F7FCBE /* Release */,
			);
			defaultConfigurationIsVisible = 0;
			defaultConfigurationName = Release;
		};
		89EF07DF1C6C3D4900F7FCBE /* Build configuration list for PBXNativeTarget "HolaiPad" */ = {
			isa = XCConfigurationList;
			buildConfigurations = (
				89EF07E01C6C3D4900F7FCBE /* Debug */,
				89EF07E11C6C3D4900F7FCBE /* Release */,
			);
			defaultConfigurationIsVisible = 0;
		};
/* End XCConfigurationList section */
	};
	rootObject = 89EF07C51C6C3D4900F7FCBE /* Project object */;
}
